
Microsoft Visual Studio Solution File, Format Version 12.00
# Visual Studio Version 16
VisualStudioVersion = 16.0.28917.181
MinimumVisualStudioVersion = 10.0.40219.1
Project("{FAE04EC0-301F-11D3-BF4B-00C04F79EFBC}") = "CodeNation.ConsoleApp", "CodeNation.Console\CodeNation.ConsoleApp.csproj", "{D2370BCD-DF9E-4E40-BE56-5F5F2CEAEE8A}"
EndProject
Global
	GlobalSection(SolutionConfigurationPlatforms) = preSolution
		Debug|Any CPU = Debug|Any CPU
		Release|Any CPU = Release|Any CPU
	EndGlobalSection
	GlobalSection(ProjectConfigurationPlatforms) = postSolution
		{D2370BCD-DF9E-4E40-BE56-5F5F2CEAEE8A}.Debug|Any CPU.ActiveCfg = Debug|Any CPU
		{D2370BCD-DF9E-4E40-BE56-5F5F2CEAEE8A}.Debug|Any CPU.Build.0 = Debug|Any CPU
		{D2370BCD-DF9E-4E40-BE56-5F5F2CEAEE8A}.Release|Any CPU.ActiveCfg = Release|Any CPU
		{D2370BCD-DF9E-4E40-BE56-5F5F2CEAEE8A}.Release|Any CPU.Build.0 = Release|Any CPU
	EndGlobalSection
	GlobalSection(SolutionProperties) = preSolution
		HideSolutionNode = FALSE
	EndGlobalSection
	GlobalSection(ExtensibilityGlobals) = postSolution
		SolutionGuid = {CB9766D7-E28F-4FC0-AA22-23FD63F222E9}
	EndGlobalSection
EndGlobal
